<?xml version="1.0" encoding="utf-8"?>
<Project ToolsVersion="4.0" xmlns="http://schemas.microsoft.com/developer/msbuild/2003">
  <ItemGroup>
    <Filter Include="Source Files">
      <UniqueIdentifier>{4FC737F1-C7A5-4376-A066-2A32D752A2FF}</UniqueIdentifier>
      <Extensions>cpp;c;cc;cxx;def;odl;idl;hpj;bat;asm;asmx</Extensions>
    </Filter>
    <Filter Include="Header Files">
      <UniqueIdentifier>{93995380-89BD-4b04-88EB-625FBE52EBFB}</UniqueIdentifier>
      <Extensions>h;hh;hpp;hxx;hm;inl;inc;ipp;xsd</Extensions>
    </Filter>
    <Filter Include="Resource Files">
      <UniqueIdentifier>{67DA6AB6-F800-4c08-8B7A-83BB121AAD01}</UniqueIdentifier>
      <Extensions>rc;ico;cur;bmp;dlg;rc2;rct;bin;rgs;gif;jpg;jpeg;jpe;resx;tiff;tif;png;wav;mfcribbon-ms</Extensions>
    </Filter>
    <Filter Include="Source Files\tests">
      <UniqueIdentifier>{011cc157-a0e0-4fdc-afc5-4fca72322726}</UniqueIdentifier>
    </Filter>
    <Filter Include="Source Files\pba">
      <UniqueIdentifier>{4a388569-7f14-4a7f-a9d3-56107de2b5d4}</UniqueIdentifier>
    </Filter>
    <Filter Include="Source Files\pba\core">
      <UniqueIdentifier>{f695f81d-5551-4b0f-99e8-260574f03483}</UniqueIdentifier>
    </Filter>
    <Filter Include="Source Files\pba\things">
      <UniqueIdentifier>{d8435a23-8cbf-436f-81c3-e8a4de9ace97}</UniqueIdentifier>
    </Filter>
    <Filter Include="Source Files\pba\base">
      <UniqueIdentifier>{5f601168-f223-4c84-9ff5-78b97b024be8}</UniqueIdentifier>
    </Filter>
  </ItemGroup>
  <ItemGroup>
    <ClCompile Include="main.cpp">
      <Filter>Source Files</Filter>
    </ClCompile>
    <ClCompile Include="glad.c">
      <Filter>Source Files</Filter>
    </ClCompile>
    <ClCompile Include="Shader.cpp">
      <Filter>Source Files</Filter>
    </ClCompile>
    <ClCompile Include="Renderer.cpp">
      <Filter>Source Files</Filter>
    </ClCompile>
    <ClCompile Include="VertexBuffer.cpp">
      <Filter>Source Files</Filter>
    </ClCompile>
    <ClCompile Include="IndexBuffer.cpp">
      <Filter>Source Files</Filter>
    </ClCompile>
    <ClCompile Include="stb_image.cpp">
      <Filter>Source Files</Filter>
    </ClCompile>
    <ClCompile Include="VertexArray.cpp">
      <Filter>Source Files</Filter>
    </ClCompile>
    <ClCompile Include="Texture.cpp">
      <Filter>Source Files</Filter>
    </ClCompile>
    <ClCompile Include="tests\TestTexture2D.cpp">
      <Filter>Source Files\tests</Filter>
    </ClCompile>
    <ClCompile Include="pba\core\DynamicalState.cpp">
      <Filter>Source Files\pba\core</Filter>
    </ClCompile>
    <ClCompile Include="pba\core\PbaThing.cpp">
      <Filter>Source Files\pba\core</Filter>
    </ClCompile>
    <ClCompile Include="pba\core\PbaViewer.cpp">
      <Filter>Source Files\pba\core</Filter>
    </ClCompile>
    <ClCompile Include="pba\core\LinearAlgebra.cpp">
      <Filter>Source Files\pba\core</Filter>
    </ClCompile>
    <ClCompile Include="pba\core\Matrix.cpp">
      <Filter>Source Files\pba\core</Filter>
    </ClCompile>
    <ClCompile Include="pba\base\CollisionHandler.cpp">
      <Filter>Source Files\pba\base</Filter>
    </ClCompile>
    <ClCompile Include="pba\base\CollisionSurface.cpp">
      <Filter>Source Files\pba\base</Filter>
    </ClCompile>
    <ClCompile Include="pba\base\CollisionTriangle.cpp">
      <Filter>Source Files\pba\base</Filter>
    </ClCompile>
    <ClCompile Include="pba\base\ForceLibrary.cpp">
      <Filter>Source Files\pba\base</Filter>
    </ClCompile>
    <ClCompile Include="pba\base\GISolver.cpp">
      <Filter>Source Files\pba\base</Filter>
    </ClCompile>
    <ClCompile Include="pba\base\ParticleEmitter.cpp">
      <Filter>Source Files\pba\base</Filter>
    </ClCompile>
    <ClCompile Include="pba\base\PbaUtils.cpp">
      <Filter>Source Files\pba\base</Filter>
    </ClCompile>
    <ClCompile Include="pba\base\AABB.cpp">
      <Filter>Source Files\pba\base</Filter>
    </ClCompile>
    <ClCompile Include="pba\base\TraceTree.cpp">
      <Filter>Source Files\pba\base</Filter>
    </ClCompile>
    <ClCompile Include="pba\base\ExplicitDynamics.cpp">
      <Filter>Source Files\pba\base</Filter>
    </ClCompile>
  </ItemGroup>
  <ItemGroup>
    <ClInclude Include="VertexBuffer.h">
      <Filter>Source Files</Filter>
    </ClInclude>
    <ClInclude Include="Shader.h">
      <Filter>Source Files</Filter>
    </ClInclude>
    <ClInclude Include="Renderer.h">
      <Filter>Source Files</Filter>
    </ClInclude>
    <ClInclude Include="IndexBuffer.h">
      <Filter>Source Files</Filter>
    </ClInclude>
    <ClInclude Include="VertexArray.h">
      <Filter>Source Files</Filter>
    </ClInclude>
    <ClInclude Include="VertexBufferLayout.h">
      <Filter>Source Files</Filter>
    </ClInclude>
    <ClInclude Include="Texture.h">
      <Filter>Source Files</Filter>
    </ClInclude>
    <ClInclude Include="Object.h">
      <Filter>Source Files</Filter>
    </ClInclude>
    <ClInclude Include="tests\TestTexture2D.h">
      <Filter>Source Files\tests</Filter>
    </ClInclude>
    <ClInclude Include="Camera.h">
      <Filter>Source Files</Filter>
    </ClInclude>
    <ClInclude Include="pba\core\DynamicalState.h">
      <Filter>Source Files\pba\core</Filter>
    </ClInclude>
    <ClInclude Include="pba\core\PbaThing.h">
      <Filter>Source Files\pba\core</Filter>
    </ClInclude>
    <ClInclude Include="pba\core\Color.h">
      <Filter>Source Files\pba\core</Filter>
    </ClInclude>
    <ClInclude Include="pba\core\Vector.h">
      <Filter>Source Files\pba\core</Filter>
    </ClInclude>
    <ClInclude Include="pba\core\PbaViewer.h">
      <Filter>Source Files\pba\core</Filter>
    </ClInclude>
    <ClInclude Include="pba\things\BouncingBalls.h">
      <Filter>Source Files\pba\things</Filter>
    </ClInclude>
    <ClInclude Include="pba\core\LinearAlgebra.h">
      <Filter>Source Files\pba\core</Filter>
    </ClInclude>
    <ClInclude Include="pba\core\Matrix.h">
      <Filter>Source Files\pba\core</Filter>
    </ClInclude>
    <ClInclude Include="pba\base\CollisionHandler.h">
      <Filter>Source Files\pba\base</Filter>
    </ClInclude>
    <ClInclude Include="pba\base\CollisionSurface.h">
      <Filter>Source Files\pba\base</Filter>
    </ClInclude>
    <ClInclude Include="pba\base\CollisionTriangle.h">
      <Filter>Source Files\pba\base</Filter>
    </ClInclude>
    <ClInclude Include="pba\base\ExplicitDynamics.h">
      <Filter>Source Files\pba\base</Filter>
    </ClInclude>
    <ClInclude Include="pba\base\Force.h">
      <Filter>Source Files\pba\base</Filter>
    </ClInclude>
    <ClInclude Include="pba\base\ForceLibrary.h">
      <Filter>Source Files\pba\base</Filter>
    </ClInclude>
    <ClInclude Include="pba\base\GISolver.h">
      <Filter>Source Files\pba\base</Filter>
    </ClInclude>
    <ClInclude Include="pba\base\ParticleEmitter.h">
      <Filter>Source Files\pba\base</Filter>
    </ClInclude>
    <ClInclude Include="pba\base\PbaUtils.h">
      <Filter>Source Files\pba\base</Filter>
    </ClInclude>
    <ClInclude Include="pba\base\AABB.h">
      <Filter>Source Files\pba\base</Filter>
    </ClInclude>
    <ClInclude Include="pba\base\TraceTree.h">
      <Filter>Source Files\pba\base</Filter>
    </ClInclude>
  </ItemGroup>
</Project>